
Microsoft Visual Studio Solution File, Format Version 12.00
# Visual Studio 15
VisualStudioVersion = 15.0.28307.572
MinimumVisualStudioVersion = 10.0.40219.1
Project("{FAE04EC0-301F-11D3-BF4B-00C04F79EFBC}") = "integers", "integers\integers.csproj", "{70C99634-B793-4136-93E7-F5442D604B3A}"
EndProject
Global
	GlobalSection(SolutionConfigurationPlatforms) = preSolution
		Debug|Any CPU = Debug|Any CPU
		Release|Any CPU = Release|Any CPU
	EndGlobalSection
	GlobalSection(ProjectConfigurationPlatforms) = postSolution
		{70C99634-B793-4136-93E7-F5442D604B3A}.Debug|Any CPU.ActiveCfg = Debug|Any CPU
		{70C99634-B793-4136-93E7-F5442D604B3A}.Debug|Any CPU.Build.0 = Debug|Any CPU
		{70C99634-B793-4136-93E7-F5442D604B3A}.Release|Any CPU.ActiveCfg = Release|Any CPU
		{70C99634-B793-4136-93E7-F5442D604B3A}.Release|Any CPU.Build.0 = Release|Any CPU
	EndGlobalSection
	GlobalSection(SolutionProperties) = preSolution
		HideSolutionNode = FALSE
	EndGlobalSection
	GlobalSection(ExtensibilityGlobals) = postSolution
		SolutionGuid = {7508C3AE-C2BB-467B-8F68-59691362BBCF}
	EndGlobalSection
EndGlobal
